
Microsoft Visual Studio Solution File, Format Version 12.00
# Visual Studio Version 17
VisualStudioVersion = 17.9.34728.123
MinimumVisualStudioVersion = 10.0.40219.1
Project("{FAE04EC0-301F-11D3-BF4B-00C04F79EFBC}") = "Guauseo", "Guauseo\Guauseo.csproj", "{03051197-F38D-47BE-B731-F9606AF5BAD1}"
EndProject
Global
	GlobalSection(SolutionConfigurationPlatforms) = preSolution
		Debug|Any CPU = Debug|Any CPU
		Release|Any CPU = Release|Any CPU
	EndGlobalSection
	GlobalSection(ProjectConfigurationPlatforms) = postSolution
		{03051197-F38D-47BE-B731-F9606AF5BAD1}.Debug|Any CPU.ActiveCfg = Debug|Any CPU
		{03051197-F38D-47BE-B731-F9606AF5BAD1}.Debug|Any CPU.Build.0 = Debug|Any CPU
		{03051197-F38D-47BE-B731-F9606AF5BAD1}.Debug|Any CPU.Deploy.0 = Debug|Any CPU
		{03051197-F38D-47BE-B731-F9606AF5BAD1}.Release|Any CPU.ActiveCfg = Release|Any CPU
		{03051197-F38D-47BE-B731-F9606AF5BAD1}.Release|Any CPU.Build.0 = Release|Any CPU
		{03051197-F38D-47BE-B731-F9606AF5BAD1}.Release|Any CPU.Deploy.0 = Release|Any CPU
	EndGlobalSection
	GlobalSection(SolutionProperties) = preSolution
		HideSolutionNode = FALSE
	EndGlobalSection
	GlobalSection(ExtensibilityGlobals) = postSolution
		SolutionGuid = {2C18D41E-0E09-4C79-BF5C-3748491A88F7}
	EndGlobalSection
EndGlobal
